
Microsoft Visual Studio Solution File, Format Version 12.00
# Visual Studio Version 17
VisualStudioVersion = 17.2.32616.157
MinimumVisualStudioVersion = 10.0.40219.1
Project("{FAE04EC0-301F-11D3-BF4B-00C04F79EFBC}") = "SD-W22SD-125-Labs", "SD-W22SD-125-Labs\SD-W22SD-125-Labs.csproj", "{7F3CBC0D-6D6A-48A4-B2A7-524E704CB741}"
EndProject
Global
	GlobalSection(SolutionConfigurationPlatforms) = preSolution
		Debug|Any CPU = Debug|Any CPU
		Release|Any CPU = Release|Any CPU
	EndGlobalSection
	GlobalSection(ProjectConfigurationPlatforms) = postSolution
		{7F3CBC0D-6D6A-48A4-B2A7-524E704CB741}.Debug|Any CPU.ActiveCfg = Debug|Any CPU
		{7F3CBC0D-6D6A-48A4-B2A7-524E704CB741}.Debug|Any CPU.Build.0 = Debug|Any CPU
		{7F3CBC0D-6D6A-48A4-B2A7-524E704CB741}.Release|Any CPU.ActiveCfg = Release|Any CPU
		{7F3CBC0D-6D6A-48A4-B2A7-524E704CB741}.Release|Any CPU.Build.0 = Release|Any CPU
	EndGlobalSection
	GlobalSection(SolutionProperties) = preSolution
		HideSolutionNode = FALSE
	EndGlobalSection
	GlobalSection(ExtensibilityGlobals) = postSolution
		SolutionGuid = {C5928F5A-A52C-4A53-93C5-2C1C4B857006}
	EndGlobalSection
EndGlobal
